
Microsoft Visual Studio Solution File, Format Version 12.00
# Visual Studio Version 18
VisualStudioVersion = 18.0.11217.181 d18.0
MinimumVisualStudioVersion = 10.0.40219.1
Project("{FAE04EC0-301F-11D3-BF4B-00C04F79EFBC}") = "PCont", "PCont.csproj", "{54831C6C-612B-AEAF-8A66-32E6A75FBE75}"
EndProject
Global
	GlobalSection(SolutionConfigurationPlatforms) = preSolution
		Debug|Any CPU = Debug|Any CPU
		Release|Any CPU = Release|Any CPU
	EndGlobalSection
	GlobalSection(ProjectConfigurationPlatforms) = postSolution
		{54831C6C-612B-AEAF-8A66-32E6A75FBE75}.Debug|Any CPU.ActiveCfg = Release|Any CPU
		{54831C6C-612B-AEAF-8A66-32E6A75FBE75}.Debug|Any CPU.Build.0 = Release|Any CPU
		{54831C6C-612B-AEAF-8A66-32E6A75FBE75}.Release|Any CPU.ActiveCfg = Release|Any CPU
		{54831C6C-612B-AEAF-8A66-32E6A75FBE75}.Release|Any CPU.Build.0 = Release|Any CPU
	EndGlobalSection
	GlobalSection(SolutionProperties) = preSolution
		HideSolutionNode = FALSE
	EndGlobalSection
	GlobalSection(ExtensibilityGlobals) = postSolution
		SolutionGuid = {408D82F6-2ABD-4E2B-9E01-E01131DE8F76}
	EndGlobalSection
EndGlobal
